
Microsoft Visual Studio Solution File, Format Version 12.00
# Visual Studio Version 17
VisualStudioVersion = 17.8.34511.84
MinimumVisualStudioVersion = 10.0.40219.1
Project("{FAE04EC0-301F-11D3-BF4B-00C04F79EFBC}") = "CodigoClase12", "CodigoClase12\CodigoClase12.csproj", "{9211E274-0D54-428A-B12D-D418E5F5C267}"
EndProject
Project("{FAE04EC0-301F-11D3-BF4B-00C04F79EFBC}") = "SRP", "SRP\SRP.csproj", "{70D74C52-7B60-4998-AB66-9CBA19380518}"
EndProject
Project("{FAE04EC0-301F-11D3-BF4B-00C04F79EFBC}") = "OCP", "OCP\OCP.csproj", "{0BF9A486-BA26-46F5-AF7D-51A22F32DAED}"
EndProject
Global
	GlobalSection(SolutionConfigurationPlatforms) = preSolution
		Debug|Any CPU = Debug|Any CPU
		Release|Any CPU = Release|Any CPU
	EndGlobalSection
	GlobalSection(ProjectConfigurationPlatforms) = postSolution
		{9211E274-0D54-428A-B12D-D418E5F5C267}.Debug|Any CPU.ActiveCfg = Debug|Any CPU
		{9211E274-0D54-428A-B12D-D418E5F5C267}.Debug|Any CPU.Build.0 = Debug|Any CPU
		{9211E274-0D54-428A-B12D-D418E5F5C267}.Release|Any CPU.ActiveCfg = Release|Any CPU
		{9211E274-0D54-428A-B12D-D418E5F5C267}.Release|Any CPU.Build.0 = Release|Any CPU
		{70D74C52-7B60-4998-AB66-9CBA19380518}.Debug|Any CPU.ActiveCfg = Debug|Any CPU
		{70D74C52-7B60-4998-AB66-9CBA19380518}.Debug|Any CPU.Build.0 = Debug|Any CPU
		{70D74C52-7B60-4998-AB66-9CBA19380518}.Release|Any CPU.ActiveCfg = Release|Any CPU
		{70D74C52-7B60-4998-AB66-9CBA19380518}.Release|Any CPU.Build.0 = Release|Any CPU
		{0BF9A486-BA26-46F5-AF7D-51A22F32DAED}.Debug|Any CPU.ActiveCfg = Debug|Any CPU
		{0BF9A486-BA26-46F5-AF7D-51A22F32DAED}.Debug|Any CPU.Build.0 = Debug|Any CPU
		{0BF9A486-BA26-46F5-AF7D-51A22F32DAED}.Release|Any CPU.ActiveCfg = Release|Any CPU
		{0BF9A486-BA26-46F5-AF7D-51A22F32DAED}.Release|Any CPU.Build.0 = Release|Any CPU
	EndGlobalSection
	GlobalSection(SolutionProperties) = preSolution
		HideSolutionNode = FALSE
	EndGlobalSection
	GlobalSection(ExtensibilityGlobals) = postSolution
		SolutionGuid = {82B38EF6-433D-4251-B37C-02F283EEAFC3}
	EndGlobalSection
EndGlobal
